// !$*UTF8*$!
{
	archiveVersion = 1;
	classes = {
	};
	objectVersion = 46;
	objects = {

/* Begin PBXBuildFile section */
		01F78A0A1D91B908000EC613 /* AppDelegate.swift in Sources */ = {isa = PBXBuildFile; fileRef = 01F78A091D91B908000EC613 /* AppDelegate.swift */; };
		01F78A0C1D91B909000EC613 /* ViewController.swift in Sources */ = {isa = PBXBuildFile; fileRef = 01F78A0B1D91B909000EC613 /* ViewController.swift */; };
		01F78A0F1D91B909000EC613 /* Main.storyboard in Resources */ = {isa = PBXBuildFile; fileRef = 01F78A0D1D91B909000EC613 /* Main.storyboard */; };
		01F78A111D91B909000EC613 /* Assets.xcassets in Resources */ = {isa = PBXBuildFile; fileRef = 01F78A101D91B909000EC613 /* Assets.xcassets */; };
		01F78A141D91B909000EC613 /* LaunchScreen.storyboard in Resources */ = {isa = PBXBuildFile; fileRef = 01F78A121D91B909000EC613 /* LaunchScreen.storyboard */; };
/* End PBXBuildFile section */

/* Begin PBXFileReference section */
		01F78A061D91B908000EC613 /* WhirlyGlobePrototype.app */ = {isa = PBXFileReference; explicitFileType = wrapper.application; includeInIndex = 0; path = WhirlyGlobePrototype.app; sourceTree = BUILT_PRODUCTS_DIR; };
		01F78A091D91B908000EC613 /* AppDelegate.swift */ = {isa = PBXFileReference; lastKnownFileType = sourcecode.swift; path = AppDelegate.swift; sourceTree = "<group>"; };
		01F78A0B1D91B909000EC613 /* ViewController.swift */ = {isa = PBXFileReference; lastKnownFileType = sourcecode.swift; path = ViewController.swift; sourceTree = "<group>"; };
		01F78A0E1D91B909000EC613 /* Base */ = {isa = PBXFileReference; lastKnownFileType = file.storyboard; name = Base; path = Base.lproj/Main.storyboard; sourceTree = "<group>"; };
		01F78A101D91B909000EC613 /* Assets.xcassets */ = {isa = PBXFileReference; lastKnownFileType = folder.assetcatalog; path = Assets.xcassets; sourceTree = "<group>"; };
		01F78A131D91B909000EC613 /* Base */ = {isa = PBXFileReference; lastKnownFileType = file.storyboard; name = Base; path = Base.lproj/LaunchScreen.storyboard; sourceTree = "<group>"; };
		01F78A151D91B909000EC613 /* Info.plist */ = {isa = PBXFileReference; lastKnownFileType = text.plist.xml; path = Info.plist; sourceTree = "<group>"; };
/* End PBXFileReference section */

/* Begin PBXFrameworksBuildPhase section */
		01F78A031D91B908000EC613 /* Frameworks */ = {
			isa = PBXFrameworksBuildPhase;
			buildActionMask = 2147483647;
			files = (
			);
			runOnlyForDeploymentPostprocessing = 0;
		};
/* End PBXFrameworksBuildPhase section */

/* Begin PBXGroup section */
		01F789FD1D91B908000EC613 = {
			isa = PBXGroup;
			children = (
				01F78A081D91B908000EC613 /* WhirlyGlobePrototype */,
				01F78A071D91B908000EC613 /* Products */,
			);
			sourceTree = "<group>";
		};
		01F78A071D91B908000EC613 /* Products */ = {
			isa = PBXGroup;
			children = (
				01F78A061D91B908000EC613 /* WhirlyGlobePrototype.app */,
			);
			name = Products;
			sourceTree = "<group>";
		};
		01F78A081D91B908000EC613 /* WhirlyGlobePrototype */ = {
			isa = PBXGroup;
			children = (
				01F78A091D91B908000EC613 /* AppDelegate.swift */,
				01F78A0B1D91B909000EC613 /* ViewController.swift */,
				01F78A0D1D91B909000EC613 /* Main.storyboard */,
				01F78A101D91B909000EC613 /* Assets.xcassets */,
				01F78A121D91B909000EC613 /* LaunchScreen.storyboard */,
				01F78A151D91B909000EC613 /* Info.plist */,
			);
			path = WhirlyGlobePrototype;
			sourceTree = "<group>";
		};
/* End PBXGroup section */

/* Begin PBXNativeTarget section */
		01F78A051D91B908000EC613 /* WhirlyGlobePrototype */ = {
			isa = PBXNativeTarget;
			buildConfigurationList = 01F78A181D91B909000EC613 /* Build configuration list for PBXNativeTarget "WhirlyGlobePrototype" */;
			buildPhases = (
				01F78A021D91B908000EC613 /* Sources */,
				01F78A031D91B908000EC613 /* Frameworks */,
				01F78A041D91B908000EC613 /* Resources */,
			);
			buildRules = (
			);
			dependencies = (
			);
			name = WhirlyGlobePrototype;
			productName = WhirlyGlobePrototype;
			productReference = 01F78A061D91B908000EC613 /* WhirlyGlobePrototype.app */;
			productType = "com.apple.product-type.application";
		};
/* End PBXNativeTarget section */

/* Begin PBXProject section */
		01F789FE1D91B908000EC613 /* Project object */ = {
			isa = PBXProject;
			attributes = {
				LastSwiftUpdateCheck = 0730;
				LastUpgradeCheck = 0730;
				ORGANIZATIONNAME = reid;
				TargetAttributes = {
					01F78A051D91B908000EC613 = {
						CreatedOnToolsVersion = 7.3;
					};
				};
			};
			buildConfigurationList = 01F78A011D91B908000EC613 /* Build configuration list for PBXProject "WhirlyGlobePrototype" */;
			compatibilityVersion = "Xcode 3.2";
			developmentRegion = English;
			hasScannedForEncodings = 0;
			knownRegions = (
				en,
				Base,
			);
			mainGroup = 01F789FD1D91B908000EC613;
			productRefGroup = 01F78A071D91B908000EC613 /* Products */;
			projectDirPath = "";
			projectRoot = "";
			targets = (
				01F78A051D91B908000EC613 /* WhirlyGlobePrototype */,
			);
		};
/* End PBXProject section */

/* Begin PBXResourcesBuildPhase section */
		01F78A041D91B908000EC613 /* Resources */ = {
			isa = PBXResourcesBuildPhase;
			buildActionMask = 2147483647;
			files = (
				01F78A141D91B909000EC613 /* LaunchScreen.storyboard in Resources */,
				01F78A111D91B909000EC613 /* Assets.xcassets in Resources */,
				01F78A0F1D91B909000EC613 /* Main.storyboard in Resources */,
			);
			runOnlyForDeploymentPostprocessing = 0;
		};
/* End PBXResourcesBuildPhase section */

/* Begin PBXSourcesBuildPhase section */
		01F78A021D91B908000EC613 /* Sources */ = {
			isa = PBXSourcesBuildPhase;
			buildActionMask = 2147483647;
			files = (
				01F78A0C1D91B909000EC613 /* ViewController.swift in Sources */,
				01F78A0A1D91B908000EC613 /* AppDelegate.swift in Sources */,
			);
			runOnlyForDeploymentPostprocessing = 0;
		};
/* End PBXSourcesBuildPhase section */

/* Begin PBXVariantGroup section */
		01F78A0D1D91B909000EC613 /* Main.storyboard */ = {
			isa = PBXVariantGroup;
			children = (
				01F78A0E1D91B909000EC613 /* Base */,
			);
			name = Main.storyboard;
			sourceTree = "<group>";
		};
		01F78A121D91B909000EC613 /* LaunchScreen.storyboard */ = {
			isa = PBXVariantGroup;
			children = (
				01F78A131D91B909000EC613 /* Base */,
			);
			name = LaunchScreen.storyboard;
			sourceTree = "<group>";
		};
/* End PBXVariantGroup section */

/* Begin XCBuildConfiguration section */
		01F78A161D91B909000EC613 /* Debug */ = {
			isa = XCBuildConfiguration;
			buildSettings = {
				ALWAYS_SEARCH_USER_PATHS = NO;
				CLANG_ANALYZER_NONNULL = YES;
				CLANG_CXX_LANGUAGE_STANDARD = "gnu++0x";
				CLANG_CXX_LIBRARY = "libc++";
				CLANG_ENABLE_MODULES = YES;
				CLANG_ENABLE_OBJC_ARC = YES;
				CLANG_WARN_BOOL_CONVERSION = YES;
				CLANG_WARN_CONSTANT_CONVERSION = YES;
				CLANG_WARN_DIRECT_OBJC_ISA_USAGE = YES_ERROR;
				CLANG_WARN_EMPTY_BODY = YES;
				CLANG_WARN_ENUM_CONVERSION = YES;
				CLANG_WARN_INT_CONVERSION = YES;
				CLANG_WARN_OBJC_ROOT_CLASS = YES_ERROR;
				CLANG_WARN_UNREACHABLE_CODE = YES;
				CLANG_WARN__DUPLICATE_METHOD_MATCH = YES;
				"CODE_SIGN_IDENTITY[sdk=iphoneos*]" = "iPhone Developer";
				COPY_PHASE_STRIP = NO;
				DEBUG_INFORMATION_FORMAT = dwarf;
				ENABLE_STRICT_OBJC_MSGSEND = YES;
				ENABLE_TESTABILITY = YES;
				GCC_C_LANGUAGE_STANDARD = gnu99;
				GCC_DYNAMIC_NO_PIC = NO;
				GCC_NO_COMMON_BLOCKS = YES;
				GCC_OPTIMIZATION_LEVEL = 0;
				GCC_PREPROCESSOR_DEFINITIONS = (
					"DEBUG=1",
					"$(inherited)",
				);
				GCC_WARN_64_TO_32_BIT_CONVERSION = YES;
				GCC_WARN_ABOUT_RETURN_TYPE = YES_ERROR;
				GCC_WARN_UNDECLARED_SELECTOR = YES;
				GCC_WARN_UNINITIALIZED_AUTOS = YES_AGGRESSIVE;
				GCC_WARN_UNUSED_FUNCTION = YES;
				GCC_WARN_UNUSED_VARIABLE = YES;
				IPHONEOS_DEPLOYMENT_TARGET = 9.0;
				MTL_ENABLE_DEBUG_INFO = YES;
				ONLY_ACTIVE_ARCH = YES;
				SDKROOT = iphoneos;
				SWIFT_OPTIMIZATION_LEVEL = "-Onone";
			};
			name = Debug;
		};
		01F78A171D91B909000EC613 /* Release */ = {
			isa = XCBuildConfiguration;
			buildSettings = {
				ALWAYS_SEARCH_USER_PATHS = NO;
				CLANG_ANALYZER_NONNULL = YES;
				CLANG_CXX_LANGUAGE_STANDARD = "gnu++0x";
				CLANG_CXX_LIBRARY = "libc++";
				CLANG_ENABLE_MODULES = YES;
				CLANG_ENABLE_OBJC_ARC = YES;
				CLANG_WARN_BOOL_CONVERSION = YES;
				CLANG_WARN_CONSTANT_CONVERSION = YES;
				CLANG_WARN_DIRECT_OBJC_ISA_USAGE = YES_ERROR;
				CLANG_WARN_EMPTY_BODY = YES;
				CLANG_WARN_ENUM_CONVERSION = YES;
				CLANG_WARN_INT_CONVERSION = YES;
				CLANG_WARN_OBJC_ROOT_CLASS = YES_ERROR;
				CLANG_WARN_UNREACHABLE_CODE = YES;
				CLANG_WARN__DUPLICATE_METHOD_MATCH = YES;
				"CODE_SIGN_IDENTITY[sdk=iphoneos*]" = "iPhone Developer";
				COPY_PHASE_STRIP = NO;
				DEBUG_INFORMATION_FORMAT = "dwarf-with-dsym";
				ENABLE_NS_ASSERTIONS = NO;
				ENABLE_STRICT_OBJC_MSGSEND = YES;
				GCC_C_LANGUAGE_STANDARD = gnu99;
				GCC_NO_COMMON_BLOCKS = YES;
				GCC_WARN_64_TO_32_BIT_CONVERSION = YES;
				GCC_WARN_ABOUT_RETURN_TYPE = YES_ERROR;
				GCC_WARN_UNDECLARED_SELECTOR = YES;
				GCC_WARN_UNINITIALIZED_AUTOS = YES_AGGRESSIVE;
				GCC_WARN_UNUSED_FUNCTION = YES;
				GCC_WARN_UNUSED_VARIABLE = YES;
				IPHONEOS_DEPLOYMENT_TARGET = 9.0;
				MTL_ENABLE_DEBUG_INFO = NO;
				SDKROOT = iphoneos;
				VALIDATE_PRODUCT = YES;
			};
			name = Release;
		};
		01F78A191D91B909000EC613 /* Debug */ = {
			isa = XCBuildConfiguration;
			buildSettings = {
				ASSETCATALOG_COMPILER_APPICON_NAME = AppIcon;
				INFOPLIST_FILE = WhirlyGlobePrototype/Info.plist;
				LD_RUNPATH_SEARCH_PATHS = "$(inherited) @executable_path/Frameworks";
				PRODUCT_BUNDLE_IDENTIFIER = reid.conner.WhirlyGlobePrototype;
				PRODUCT_NAME = "$(TARGET_NAME)";
			};
			name = Debug;
		};
		01F78A1A1D91B909000EC613 /* Release */ = {
			isa = XCBuildConfiguration;
			buildSettings = {
				ASSETCATALOG_COMPILER_APPICON_NAME = AppIcon;
				INFOPLIST_FILE = WhirlyGlobePrototype/Info.plist;
				LD_RUNPATH_SEARCH_PATHS = "$(inherited) @executable_path/Frameworks";
				PRODUCT_BUNDLE_IDENTIFIER = reid.conner.WhirlyGlobePrototype;
				PRODUCT_NAME = "$(TARGET_NAME)";
			};
			name = Release;
		};
/* End XCBuildConfiguration section */

/* Begin XCConfigurationList section */
		01F78A011D91B908000EC613 /* Build configuration list for PBXProject "WhirlyGlobePrototype" */ = {
			isa = XCConfigurationList;
			buildConfigurations = (
				01F78A161D91B909000EC613 /* Debug */,
				01F78A171D91B909000EC613 /* Release */,
			);
			defaultConfigurationIsVisible = 0;
			defaultConfigurationName = Release;
		};
		01F78A181D91B909000EC613 /* Build configuration list for PBXNativeTarget "WhirlyGlobePrototype" */ = {
			isa = XCConfigurationList;
			buildConfigurations = (
				01F78A191D91B909000EC613 /* Debug */,
				01F78A1A1D91B909000EC613 /* Release */,
			);
			defaultConfigurationIsVisible = 0;
		};
/* End XCConfigurationList section */
	};
	rootObject = 01F789FE1D91B908000EC613 /* Project object */;
}
